
Microsoft Visual Studio Solution File, Format Version 12.00
# Visual Studio 14
VisualStudioVersion = 14.0.25420.1
MinimumVisualStudioVersion = 10.0.40219.1
Project("{FAE04EC0-301F-11D3-BF4B-00C04F79EFBC}") = "OnlineShop", "OnlineShop\OnlineShop.csproj", "{BAAD14EC-3253-40A6-AE8E-79FCB767E2BA}"
EndProject
Project("{FAE04EC0-301F-11D3-BF4B-00C04F79EFBC}") = "OnlineShop.Tests", "OnlineShop.Tests\OnlineShop.Tests.csproj", "{6E612878-6A89-46AB-9207-89AC4A1465E3}"
EndProject
Global
	GlobalSection(SolutionConfigurationPlatforms) = preSolution
		Debug|Any CPU = Debug|Any CPU
		Release|Any CPU = Release|Any CPU
	EndGlobalSection
	GlobalSection(ProjectConfigurationPlatforms) = postSolution
		{BAAD14EC-3253-40A6-AE8E-79FCB767E2BA}.Debug|Any CPU.ActiveCfg = Debug|Any CPU
		{BAAD14EC-3253-40A6-AE8E-79FCB767E2BA}.Debug|Any CPU.Build.0 = Debug|Any CPU
		{BAAD14EC-3253-40A6-AE8E-79FCB767E2BA}.Release|Any CPU.ActiveCfg = Release|Any CPU
		{BAAD14EC-3253-40A6-AE8E-79FCB767E2BA}.Release|Any CPU.Build.0 = Release|Any CPU
		{6E612878-6A89-46AB-9207-89AC4A1465E3}.Debug|Any CPU.ActiveCfg = Debug|Any CPU
		{6E612878-6A89-46AB-9207-89AC4A1465E3}.Debug|Any CPU.Build.0 = Debug|Any CPU
		{6E612878-6A89-46AB-9207-89AC4A1465E3}.Release|Any CPU.ActiveCfg = Release|Any CPU
		{6E612878-6A89-46AB-9207-89AC4A1465E3}.Release|Any CPU.Build.0 = Release|Any CPU
	EndGlobalSection
	GlobalSection(SolutionProperties) = preSolution
		HideSolutionNode = FALSE
	EndGlobalSection
EndGlobal
